
Microsoft Visual Studio Solution File, Format Version 12.00
# Visual Studio Version 16
VisualStudioVersion = 16.0.29025.244
MinimumVisualStudioVersion = 10.0.40219.1
Project("{FAE04EC0-301F-11D3-BF4B-00C04F79EFBC}") = "FinalProject", "FinalProject\FinalProject.csproj", "{FCF2127A-EC1A-4F27-8478-5BC0227C44ED}"
EndProject
Global
	GlobalSection(SolutionConfigurationPlatforms) = preSolution
		Debug|Any CPU = Debug|Any CPU
		Release|Any CPU = Release|Any CPU
	EndGlobalSection
	GlobalSection(ProjectConfigurationPlatforms) = postSolution
		{FCF2127A-EC1A-4F27-8478-5BC0227C44ED}.Debug|Any CPU.ActiveCfg = Debug|Any CPU
		{FCF2127A-EC1A-4F27-8478-5BC0227C44ED}.Debug|Any CPU.Build.0 = Debug|Any CPU
		{FCF2127A-EC1A-4F27-8478-5BC0227C44ED}.Release|Any CPU.ActiveCfg = Release|Any CPU
		{FCF2127A-EC1A-4F27-8478-5BC0227C44ED}.Release|Any CPU.Build.0 = Release|Any CPU
	EndGlobalSection
	GlobalSection(SolutionProperties) = preSolution
		HideSolutionNode = FALSE
	EndGlobalSection
	GlobalSection(ExtensibilityGlobals) = postSolution
		SolutionGuid = {507A76E7-35BD-4236-A7C7-3F93C97A5066}
	EndGlobalSection
EndGlobal
